[[package]]
category = "main"
description = "Python package for providing Mozilla's CA Bundle."
name = "certifi"
optional = false
python-versions = "*"
version = "2020.12.5"

[[package]]
category = "main"
description = "Universal encoding detector for Python 2 and 3"
name = "chardet"
optional = false
python-versions = ">=2.7, !=3.0.*, !=3.1.*, !=3.2.*, !=3.3.*, !=3.4.*"
version = "4.0.0"

[[package]]
category = "main"
description = "Composable command line interface toolkit"
name = "click"
optional = false
python-versions = ">=3.6"
version = "8.0.1"

[package.dependencies]
colorama = "*"

[[package]]
category = "main"
description = "Cross-platform colored terminal text."
marker = "platform_system == \"Windows\""
name = "colorama"
optional = false
python-versions = ">=2.7, !=3.0.*, !=3.1.*, !=3.2.*, !=3.3.*, !=3.4.*"
version = "0.4.4"

[[package]]
category = "main"
description = "Decorators for Humans"
name = "decorator"
optional = false
python-versions = ">=3.5"
version = "5.0.9"

[[package]]
category = "main"
description = "A simple framework for building complex web applications."
name = "flask"
optional = false
python-versions = ">=3.6"
version = "2.0.1"

[package.dependencies]
Jinja2 = ">=3.0"
Werkzeug = ">=2.0"
click = ">=7.1.2"
itsdangerous = ">=2.0"

[package.extras]
async = ["asgiref (>=3.2)"]
dotenv = ["python-dotenv"]

[[package]]
category = "main"
description = "Internationalized Domain Names in Applications (IDNA)"
name = "idna"
optional = false
python-versions = ">=2.7, !=3.0.*, !=3.1.*, !=3.2.*, !=3.3.*"
version = "2.10"

[[package]]
category = "main"
description = "Python library for ISO 639 standard"
name = "iso-639"
optional = false
python-versions = "*"
version = "0.4.5"

[[package]]
category = "main"
description = "Self-contained ISO 3166-1 country definitions."
name = "iso3166"
optional = false
python-versions = "*"
version = "1.0.1"

[[package]]
category = "main"
description = "An ISO 8601 date/time/duration parser and formatter"
name = "isodate"
optional = false
python-versions = "*"
version = "0.6.0"

[package.dependencies]
six = "*"

[[package]]
category = "main"
description = "Safely pass data to untrusted environments and back."
name = "itsdangerous"
optional = false
python-versions = ">=3.6"
version = "2.0.1"

[[package]]
category = "main"
description = "A very fast and expressive template engine."
name = "jinja2"
optional = false
python-versions = ">=3.6"
version = "3.0.1"

[package.dependencies]
MarkupSafe = ">=2.0"

[package.extras]
i18n = ["Babel (>=2.7)"]

[[package]]
category = "main"
description = "Safely add untrusted strings to HTML/XML markup."
name = "markupsafe"
optional = false
python-versions = ">=3.6"
version = "2.0.1"

[[package]]
category = "main"
description = "Cryptographic library for Python"
name = "pycryptodome"
optional = false
python-versions = ">=2.7, !=3.0.*, !=3.1.*, !=3.2.*, !=3.3.*, !=3.4.*"
version = "3.10.1"

[[package]]
category = "main"
description = "A Python SOCKS client module. See https://github.com/Anorov/PySocks for more information."
name = "pysocks"
optional = false
python-versions = ">=2.7, !=3.0.*, !=3.1.*, !=3.2.*, !=3.3.*"
version = "1.7.1"

[[package]]
category = "main"
description = "Python HTTP for Humans."
name = "requests"
optional = false
python-versions = ">=2.7, !=3.0.*, !=3.1.*, !=3.2.*, !=3.3.*, !=3.4.*"
version = "2.25.1"

[package.dependencies]
certifi = ">=2017.4.17"
chardet = ">=3.0.2,<5"
idna = ">=2.5,<3"
urllib3 = ">=1.21.1,<1.27"

[package.extras]
security = ["pyOpenSSL (>=0.14)", "cryptography (>=1.3.4)"]
socks = ["PySocks (>=1.5.6,<1.5.7 || >1.5.7)", "win-inet-pton"]

[[package]]
category = "main"
description = "Python 2 and 3 compatibility utilities"
name = "six"
optional = false
python-versions = ">=2.7, !=3.0.*, !=3.1.*, !=3.2.*"
version = "1.16.0"

[[package]]
category = "main"
description = "Streamlink is a command-line utility that extracts streams from various services and pipes them into a video player of choice."
name = "streamlink"
optional = false
python-versions = ">=3.6, <4"
version = "2.1.2"

[package.dependencies]
PySocks = ">=1.5.6,<1.5.7 || >1.5.7"
iso-639 = "*"
iso3166 = "*"
isodate = "*"
pycryptodome = ">=3.4.3,<4"
requests = ">=2.21.0,<3.0"
websocket-client = ">=0.58.0"

[[package]]
category = "main"
description = "HTTP library with thread-safe connection pooling, file post, and more."
name = "urllib3"
optional = false
python-versions = ">=2.7, !=3.0.*, !=3.1.*, !=3.2.*, !=3.3.*, !=3.4.*, <4"
version = "1.26.4"

[package.extras]
brotli = ["brotlipy (>=0.6.0)"]
secure = ["pyOpenSSL (>=0.14)", "cryptography (>=1.3.4)", "idna (>=2.0.0)", "certifi", "ipaddress"]
socks = ["PySocks (>=1.5.6,<1.5.7 || >1.5.7,<2.0)"]

[[package]]
category = "main"
description = "Python Data Validation for Humans™."
name = "validators"
optional = false
python-versions = ">=3.4"
version = "0.18.2"

[package.dependencies]
decorator = ">=3.4.0"
six = ">=1.4.0"

[package.extras]
test = ["pytest (>=2.2.3)", "flake8 (>=2.4.0)", "isort (>=4.2.2)"]

[[package]]
category = "main"
description = "WebSocket client for Python with low level API options"
name = "websocket-client"
optional = false
python-versions = ">=3.6"
version = "1.0.1"

[[package]]
category = "main"
description = "The comprehensive WSGI web application library."
name = "werkzeug"
optional = false
python-versions = ">=3.6"
version = "2.0.1"

[package.extras]
watchdog = ["watchdog"]

[metadata]
content-hash = "4a8ee7032f471c977e23375b15fb1ca2a71411a2a14587284f3d84454692e1bb"
python-versions = "^3.8"

[metadata.files]
certifi = [
    {file = "certifi-2020.12.5-py2.py3-none-any.whl", hash = "sha256:719a74fb9e33b9bd44cc7f3a8d94bc35e4049deebe19ba7d8e108280cfd59830"},
    {file = "certifi-2020.12.5.tar.gz", hash = "sha256:1a4995114262bffbc2413b159f2a1a480c969de6e6eb13ee966d470af86af59c"},
]
chardet = [
    {file = "chardet-4.0.0-py2.py3-none-any.whl", hash = "sha256:f864054d66fd9118f2e67044ac8981a54775ec5b67aed0441892edb553d21da5"},
    {file = "chardet-4.0.0.tar.gz", hash = "sha256:0d6f53a15db4120f2b08c94f11e7d93d2c911ee118b6b30a04ec3ee8310179fa"},
]
click = [
    {file = "click-8.0.1-py3-none-any.whl", hash = "sha256:fba402a4a47334742d782209a7c79bc448911afe1149d07bdabdf480b3e2f4b6"},
    {file = "click-8.0.1.tar.gz", hash = "sha256:8c04c11192119b1ef78ea049e0a6f0463e4c48ef00a30160c704337586f3ad7a"},
]
colorama = [
    {file = "colorama-0.4.4-py2.py3-none-any.whl", hash = "sha256:9f47eda37229f68eee03b24b9748937c7dc3868f906e8ba69fbcbdd3bc5dc3e2"},
    {file = "colorama-0.4.4.tar.gz", hash = "sha256:5941b2b48a20143d2267e95b1c2a7603ce057ee39fd88e7329b0c292aa16869b"},
]
decorator = [
    {file = "decorator-5.0.9-py3-none-any.whl", hash = "sha256:6e5c199c16f7a9f0e3a61a4a54b3d27e7dad0dbdde92b944426cb20914376323"},
    {file = "decorator-5.0.9.tar.gz", hash = "sha256:72ecfba4320a893c53f9706bebb2d55c270c1e51a28789361aa93e4a21319ed5"},
]
flask = [
    {file = "Flask-2.0.1-py3-none-any.whl", hash = "sha256:a6209ca15eb63fc9385f38e452704113d679511d9574d09b2cf9183ae7d20dc9"},
    {file = "Flask-2.0.1.tar.gz", hash = "sha256:1c4c257b1892aec1398784c63791cbaa43062f1f7aeb555c4da961b20ee68f55"},
]
idna = [
    {file = "idna-2.10-py2.py3-none-any.whl", hash = "sha256:b97d804b1e9b523befed77c48dacec60e6dcb0b5391d57af6a65a312a90648c0"},
    {file = "idna-2.10.tar.gz", hash = "sha256:b307872f855b18632ce0c21c5e45be78c0ea7ae4c15c828c20788b26921eb3f6"},
]
iso-639 = [
    {file = "iso-639-0.4.5.tar.gz", hash = "sha256:dc9cd4b880b898d774c47fe9775167404af8a85dd889d58f9008035109acce49"},
]
iso3166 = [
    {file = "iso3166-1.0.1-py2.py3-none-any.whl", hash = "sha256:b07208703bd881a4f974e39fa013c4498dddd64913ada15f24be75d02ae68a44"},
    {file = "iso3166-1.0.1.tar.gz", hash = "sha256:b1e58dbcf50fbb2c9c418ec7a6057f0cdb30b8f822ac852f72e71ba769dae8c5"},
]
isodate = [
    {file = "isodate-0.6.0-py2.py3-none-any.whl", hash = "sha256:aa4d33c06640f5352aca96e4b81afd8ab3b47337cc12089822d6f322ac772c81"},
    {file = "isodate-0.6.0.tar.gz", hash = "sha256:2e364a3d5759479cdb2d37cce6b9376ea504db2ff90252a2e5b7cc89cc9ff2d8"},
]
itsdangerous = [
    {file = "itsdangerous-2.0.1-py3-none-any.whl", hash = "sha256:5174094b9637652bdb841a3029700391451bd092ba3db90600dea710ba28e97c"},
    {file = "itsdangerous-2.0.1.tar.gz", hash = "sha256:9e724d68fc22902a1435351f84c3fb8623f303fffcc566a4cb952df8c572cff0"},
]
jinja2 = [
    {file = "Jinja2-3.0.1-py3-none-any.whl", hash = "sha256:1f06f2da51e7b56b8f238affdd6b4e2c61e39598a378cc49345bc1bd42a978a4"},
    {file = "Jinja2-3.0.1.tar.gz", hash = "sha256:703f484b47a6af502e743c9122595cc812b0271f661722403114f71a79d0f5a4"},
]
markupsafe = [
    {file = "MarkupSafe-2.0.1-cp36-cp36m-macosx_10_9_x86_64.whl", hash = "sha256:f9081981fe268bd86831e5c75f7de206ef275defcb82bc70740ae6dc507aee51"},
    {file = "MarkupSafe-2.0.1-cp36-cp36m-manylinux1_i686.whl", hash = "sha256:0955295dd5eec6cb6cc2fe1698f4c6d84af2e92de33fbcac4111913cd100a6ff"},
    {file = "MarkupSafe-2.0.1-cp36-cp36m-manylinux1_x86_64.whl", hash = "sha256:0446679737af14f45767963a1a9ef7620189912317d095f2d9ffa183a4d25d2b"},
    {file = "MarkupSafe-2.0.1-cp36-cp36m-manylinux2010_i686.whl", hash = "sha256:f826e31d18b516f653fe296d967d700fddad5901ae07c622bb3705955e1faa94"},
    {file = "MarkupSafe-2.0.1-cp36-cp36m-manylinux2010_x86_64.whl", hash = "sha256:fa130dd50c57d53368c9d59395cb5526eda596d3ffe36666cd81a44d56e48872"},
    {file = "MarkupSafe-2.0.1-cp36-cp36m-manylinux2014_aarch64.whl", hash = "sha256:905fec760bd2fa1388bb5b489ee8ee5f7291d692638ea5f67982d968366bef9f"},
    {file = "MarkupSafe-2.0.1-cp36-cp36m-win32.whl", hash = "sha256:6c4ca60fa24e85fe25b912b01e62cb969d69a23a5d5867682dd3e80b5b02581d"},
    {file = "MarkupSafe-2.0.1-cp36-cp36m-win_amd64.whl", hash = "sha256:b2f4bf27480f5e5e8ce285a8c8fd176c0b03e93dcc6646477d4630e83440c6a9"},
    {file = "MarkupSafe-2.0.1-cp37-cp37m-macosx_10_9_x86_64.whl", hash = "sha256:0717a7390a68be14b8c793ba258e075c6f4ca819f15edfc2a3a027c823718567"},
    {file = "MarkupSafe-2.0.1-cp37-cp37m-manylinux1_i686.whl", hash = "sha256:6557b31b5e2c9ddf0de32a691f2312a32f77cd7681d8af66c2692efdbef84c18"},
    {file = "MarkupSafe-2.0.1-cp37-cp37m-manylinux1_x86_64.whl", hash = "sha256:49e3ceeabbfb9d66c3aef5af3a60cc43b85c33df25ce03d0031a608b0a8b2e3f"},
    {file = "MarkupSafe-2.0.1-cp37-cp37m-manylinux2010_i686.whl", hash = "sha256:d7f9850398e85aba693bb640262d3611788b1f29a79f0c93c565694658f4071f"},
    {file = "MarkupSafe-2.0.1-cp37-cp37m-manylinux2010_x86_64.whl", hash = "sha256:6a7fae0dd14cf60ad5ff42baa2e95727c3d81ded453457771d02b7d2b3f9c0c2"},
    {file = "MarkupSafe-2.0.1-cp37-cp37m-manylinux2014_aarch64.whl", hash = "sha256:b7f2d075102dc8c794cbde1947378051c4e5180d52d276987b8d28a3bd58c17d"},
    {file = "MarkupSafe-2.0.1-cp37-cp37m-win32.whl", hash = "sha256:a30e67a65b53ea0a5e62fe23682cfe22712e01f453b95233b25502f7c61cb415"},
    {file = "MarkupSafe-2.0.1-cp37-cp37m-win_amd64.whl", hash = "sha256:611d1ad9a4288cf3e3c16014564df047fe08410e628f89805e475368bd304914"},
    {file = "MarkupSafe-2.0.1-cp38-cp38-macosx_10_9_x86_64.whl", hash = "sha256:be98f628055368795d818ebf93da628541e10b75b41c559fdf36d104c5787066"},
    {file = "MarkupSafe-2.0.1-cp38-cp38-manylinux1_i686.whl", hash = "sha256:1d609f577dc6e1aa17d746f8bd3c31aa4d258f4070d61b2aa5c4166c1539de35"},
    {file = "MarkupSafe-2.0.1-cp38-cp38-manylinux1_x86_64.whl", hash = "sha256:7d91275b0245b1da4d4cfa07e0faedd5b0812efc15b702576d103293e252af1b"},
    {file = "MarkupSafe-2.0.1-cp38-cp38-manylinux2010_i686.whl", hash = "sha256:01a9b8ea66f1658938f65b93a85ebe8bc016e6769611be228d797c9d998dd298"},
    {file = "MarkupSafe-2.0.1-cp38-cp38-manylinux2010_x86_64.whl", hash = "sha256:47ab1e7b91c098ab893b828deafa1203de86d0bc6ab587b160f78fe6c4011f75"},
    {file = "MarkupSafe-2.0.1-cp38-cp38-manylinux2014_aarch64.whl", hash = "sha256:97383d78eb34da7e1fa37dd273c20ad4320929af65d156e35a5e2d89566d9dfb"},
    {file = "MarkupSafe-2.0.1-cp38-cp38-win32.whl", hash = "sha256:023cb26ec21ece8dc3907c0e8320058b2e0cb3c55cf9564da612bc325bed5e64"},
    {file = "MarkupSafe-2.0.1-cp38-cp38-win_amd64.whl", hash = "sha256:984d76483eb32f1bcb536dc27e4ad56bba4baa70be32fa87152832cdd9db0833"},
    {file = "MarkupSafe-2.0.1-cp39-cp39-macosx_10_9_universal2.whl", hash = "sha256:2ef54abee730b502252bcdf31b10dacb0a416229b72c18b19e24a4509f273d26"},
    {file = "MarkupSafe-2.0.1-cp39-cp39-macosx_10_9_x86_64.whl", hash = "sha256:3c112550557578c26af18a1ccc9e090bfe03832ae994343cfdacd287db6a6ae7"},
    {file = "MarkupSafe-2.0.1-cp39-cp39-manylinux1_i686.whl", hash = "sha256:53edb4da6925ad13c07b6d26c2a852bd81e364f95301c66e930ab2aef5b5ddd8"},
    {file = "MarkupSafe-2.0.1-cp39-cp39-manylinux1_x86_64.whl", hash = "sha256:f5653a225f31e113b152e56f154ccbe59eeb1c7487b39b9d9f9cdb58e6c79dc5"},
    {file = "MarkupSafe-2.0.1-cp39-cp39-manylinux2010_i686.whl", hash = "sha256:4efca8f86c54b22348a5467704e3fec767b2db12fc39c6d963168ab1d3fc9135"},
    {file = "MarkupSafe-2.0.1-cp39-cp39-manylinux2010_x86_64.whl", hash = "sha256:ab3ef638ace319fa26553db0624c4699e31a28bb2a835c5faca8f8acf6a5a902"},
    {file = "MarkupSafe-2.0.1-cp39-cp39-manylinux2014_aarch64.whl", hash = "sha256:f8ba0e8349a38d3001fae7eadded3f6606f0da5d748ee53cc1dab1d6527b9509"},
    {file = "MarkupSafe-2.0.1-cp39-cp39-win32.whl", hash = "sha256:10f82115e21dc0dfec9ab5c0223652f7197feb168c940f3ef61563fc2d6beb74"},
    {file = "MarkupSafe-2.0.1-cp39-cp39-win_amd64.whl", hash = "sha256:693ce3f9e70a6cf7d2fb9e6c9d8b204b6b39897a2c4a1aa65728d5ac97dcc1d8"},
    {file = "MarkupSafe-2.0.1.tar.gz", hash = "sha256:594c67807fb16238b30c44bdf74f36c02cdf22d1c8cda91ef8a0ed8dabf5620a"},
]
pycryptodome = [
    {file = "pycryptodome-3.10.1-cp27-cp27m-macosx_10_9_x86_64.whl", hash = "sha256:1c5e1ca507de2ad93474be5cfe2bfa76b7cf039a1a32fc196f40935944871a06"},
    {file = "pycryptodome-3.10.1-cp27-cp27m-manylinux1_i686.whl", hash = "sha256:6260e24d41149268122dd39d4ebd5941e9d107f49463f7e071fd397e29923b0c"},
    {file = "pycryptodome-3.10.1-cp27-cp27m-manylinux1_x86_64.whl", hash = "sha256:3f840c49d38986f6e17dbc0673d37947c88bc9d2d9dba1c01b979b36f8447db1"},
    {file = "pycryptodome-3.10.1-cp27-cp27m-manylinux2010_i686.whl", hash = "sha256:2dea65df54349cdfa43d6b2e8edb83f5f8d6861e5cf7b1fbc3e34c5694c85e27"},
    {file = "pycryptodome-3.10.1-cp27-cp27m-manylinux2010_x86_64.whl", hash = "sha256:e61e363d9a5d7916f3a4ce984a929514c0df3daf3b1b2eb5e6edbb131ee771cf"},
    {file = "pycryptodome-3.10.1-cp27-cp27m-manylinux2014_aarch64.whl", hash = "sha256:2603c98ae04aac675fefcf71a6c87dc4bb74a75e9071ae3923bbc91a59f08d35"},
    {file = "pycryptodome-3.10.1-cp27-cp27m-win32.whl", hash = "sha256:38661348ecb71476037f1e1f553159b80d256c00f6c0b00502acac891f7116d9"},
    {file = "pycryptodome-3.10.1-cp27-cp27m-win_amd64.whl", hash = "sha256:1723ebee5561628ce96748501cdaa7afaa67329d753933296321f0be55358dce"},
    {file = "pycryptodome-3.10.1-cp27-cp27mu-manylinux1_i686.whl", hash = "sha256:77997519d8eb8a4adcd9a47b9cec18f9b323e296986528186c0e9a7a15d6a07e"},
    {file = "pycryptodome-3.10.1-cp27-cp27mu-manylinux1_x86_64.whl", hash = "sha256:99b2f3fc51d308286071d0953f92055504a6ffe829a832a9fc7a04318a7683dd"},
    {file = "pycryptodome-3.10.1-cp27-cp27mu-manylinux2010_i686.whl", hash = "sha256:e0a4d5933a88a2c98bbe19c0c722f5483dc628d7a38338ac2cb64a7dbd34064b"},
    {file = "pycryptodome-3.10.1-cp27-cp27mu-manylinux2010_x86_64.whl", hash = "sha256:d3d6958d53ad307df5e8469cc44474a75393a434addf20ecd451f38a72fe29b8"},
    {file = "pycryptodome-3.10.1-cp27-cp27mu-manylinux2014_aarch64.whl", hash = "sha256:a8eb8b6ea09ec1c2535bf39914377bc8abcab2c7d30fa9225eb4fe412024e427"},
    {file = "pycryptodome-3.10.1-cp35-abi3-macosx_10_9_x86_64.whl", hash = "sha256:31c1df17b3dc5f39600a4057d7db53ac372f492c955b9b75dd439f5d8b460129"},
    {file = "pycryptodome-3.10.1-cp35-abi3-manylinux1_i686.whl", hash = "sha256:a3105a0eb63eacf98c2ecb0eb4aa03f77f40fbac2bdde22020bb8a536b226bb8"},
    {file = "pycryptodome-3.10.1-cp35-abi3-manylinux1_x86_64.whl", hash = "sha256:a92d5c414e8ee1249e850789052608f582416e82422502dc0ac8c577808a9067"},
    {file = "pycryptodome-3.10.1-cp35-abi3-manylinux2010_i686.whl", hash = "sha256:60386d1d4cfaad299803b45a5bc2089696eaf6cdd56f9fc17479a6f89595cfc8"},
    {file = "pycryptodome-3.10.1-cp35-abi3-manylinux2010_x86_64.whl", hash = "sha256:501ab36aae360e31d0ec370cf5ce8ace6cb4112060d099b993bc02b36ac83fb6"},
    {file = "pycryptodome-3.10.1-cp35-abi3-manylinux2014_aarch64.whl", hash = "sha256:fc7489a50323a0df02378bc2fff86eb69d94cc5639914346c736be981c6a02e7"},
    {file = "pycryptodome-3.10.1-cp35-abi3-win32.whl", hash = "sha256:9b6f711b25e01931f1c61ce0115245a23cdc8b80bf8539ac0363bdcf27d649b6"},
    {file = "pycryptodome-3.10.1-cp35-abi3-win_amd64.whl", hash = "sha256:7fd519b89585abf57bf47d90166903ec7b43af4fe23c92273ea09e6336af5c07"},
    {file = "pycryptodome-3.10.1-pp27-pypy_73-macosx_10_9_x86_64.whl", hash = "sha256:09c1555a3fa450e7eaca41ea11cd00afe7c91fef52353488e65663777d8524e0"},
    {file = "pycryptodome-3.10.1-pp27-pypy_73-manylinux1_x86_64.whl", hash = "sha256:758949ca62690b1540dfb24ad773c6da9cd0e425189e83e39c038bbd52b8e438"},
    {file = "pycryptodome-3.10.1-pp27-pypy_73-manylinux2010_x86_64.whl", hash = "sha256:e3bf558c6aeb49afa9f0c06cee7fb5947ee5a1ff3bd794b653d39926b49077fa"},
    {file = "pycryptodome-3.10.1-pp27-pypy_73-win32.whl", hash = "sha256:f977cdf725b20f6b8229b0c87acb98c7717e742ef9f46b113985303ae12a99da"},
    {file = "pycryptodome-3.10.1-pp36-pypy36_pp73-macosx_10_9_x86_64.whl", hash = "sha256:6d2df5223b12437e644ce0a3be7809471ffa71de44ccd28b02180401982594a6"},
    {file = "pycryptodome-3.10.1-pp36-pypy36_pp73-manylinux1_x86_64.whl", hash = "sha256:98213ac2b18dc1969a47bc65a79a8fca02a414249d0c8635abb081c7f38c91b6"},
    {file = "pycryptodome-3.10.1-pp36-pypy36_pp73-manylinux2010_x86_64.whl", hash = "sha256:12222a5edc9ca4a29de15fbd5339099c4c26c56e13c2ceddf0b920794f26165d"},
    {file = "pycryptodome-3.10.1-pp36-pypy36_pp73-win32.whl", hash = "sha256:6bbf7fee7b7948b29d7e71fcacf48bac0c57fb41332007061a933f2d996f9713"},
    {file = "pycryptodome-3.10.1.tar.gz", hash = "sha256:3e2e3a06580c5f190df843cdb90ea28d61099cf4924334d5297a995de68e4673"},
]
pysocks = [
    {file = "PySocks-1.7.1-py27-none-any.whl", hash = "sha256:08e69f092cc6dbe92a0fdd16eeb9b9ffbc13cadfe5ca4c7bd92ffb078b293299"},
    {file = "PySocks-1.7.1-py3-none-any.whl", hash = "sha256:2725bd0a9925919b9b51739eea5f9e2bae91e83288108a9ad338b2e3a4435ee5"},
    {file = "PySocks-1.7.1.tar.gz", hash = "sha256:3f8804571ebe159c380ac6de37643bb4685970655d3bba243530d6558b799aa0"},
]
requests = [
    {file = "requests-2.25.1-py2.py3-none-any.whl", hash = "sha256:c210084e36a42ae6b9219e00e48287def368a26d03a048ddad7bfee44f75871e"},
    {file = "requests-2.25.1.tar.gz", hash = "sha256:27973dd4a904a4f13b263a19c866c13b92a39ed1c964655f025f3f8d3d75b804"},
]
six = [
    {file = "six-1.16.0-py2.py3-none-any.whl", hash = "sha256:8abb2f1d86890a2dfb989f9a77cfcfd3e47c2a354b01111771326f8aa26e0254"},
    {file = "six-1.16.0.tar.gz", hash = "sha256:1e61c37477a1626458e36f7b1d82aa5c9b094fa4802892072e49de9c60c4c926"},
]
streamlink = [
    {file = "streamlink-2.1.2-py3-none-any.whl", hash = "sha256:0d72e2cfc3e442ab4c99badcb37c0e54a275741b780eec3a6e858b9a8107c5fc"},
    {file = "streamlink-2.1.2-py3-none-win32.whl", hash = "sha256:c2969d142bfcbabfceee03a429e0404eae2f4828399ac5d1f38f2e4ff591881d"},
    {file = "streamlink-2.1.2-py3-none-win_amd64.whl", hash = "sha256:db0d4f6baaf995dd03e2aeff796d1da7146e3a04a5fedea1f30b74ad192520e8"},
    {file = "streamlink-2.1.2.tar.gz", hash = "sha256:5e3be17673ed6b7da359a4636bd1e6961b4e58acb2dd7d219f9aaab377a4c84d"},
]
urllib3 = [
    {file = "urllib3-1.26.4-py2.py3-none-any.whl", hash = "sha256:2f4da4594db7e1e110a944bb1b551fdf4e6c136ad42e4234131391e21eb5b0df"},
    {file = "urllib3-1.26.4.tar.gz", hash = "sha256:e7b021f7241115872f92f43c6508082facffbd1c048e3c6e2bb9c2a157e28937"},
]
validators = [
    {file = "validators-0.18.2-py3-none-any.whl", hash = "sha256:0143dcca8a386498edaf5780cbd5960da1a4c85e0719f3ee5c9b41249c4fefbd"},
    {file = "validators-0.18.2.tar.gz", hash = "sha256:37cd9a9213278538ad09b5b9f9134266e7c226ab1fede1d500e29e0a8fbb9ea6"},
]
websocket-client = [
    {file = "websocket-client-1.0.1.tar.gz", hash = "sha256:3e2bf58191d4619b161389a95bdce84ce9e0b24eb8107e7e590db682c2d0ca81"},
    {file = "websocket_client-1.0.1-py2.py3-none-any.whl", hash = "sha256:abf306dc6351dcef07f4d40453037e51cc5d9da2ef60d0fc5d0fe3bcda255372"},
]
werkzeug = [
    {file = "Werkzeug-2.0.1-py3-none-any.whl", hash = "sha256:6c1ec500dcdba0baa27600f6a22f6333d8b662d22027ff9f6202e3367413caa8"},
    {file = "Werkzeug-2.0.1.tar.gz", hash = "sha256:1de1db30d010ff1af14a009224ec49ab2329ad2cde454c8a708130642d579c42"},
]
